// !$*UTF8*$!
{
	archiveVersion = 1;
	classes = {
	};
	objectVersion = 56;
	objects = {

/* Begin PBXBuildFile section */
		03F904E529514A6E003262AE /* WordSearchingView.swift in Sources */ = {isa = PBXBuildFile; fileRef = 03F904E429514A6E003262AE /* WordSearchingView.swift */; };
		03F904E829514B9B003262AE /* SearchListCell.swift in Sources */ = {isa = PBXBuildFile; fileRef = 03F904E729514B9B003262AE /* SearchListCell.swift */; };
		03F904EB295155B2003262AE /* SearchingWordModel.swift in Sources */ = {isa = PBXBuildFile; fileRef = 03F904EA295155B2003262AE /* SearchingWordModel.swift */; };
		162EE05129509F4E0065E103 /* SegmentView.swift in Sources */ = {isa = PBXBuildFile; fileRef = 162EE04F29509F4E0065E103 /* SegmentView.swift */; };
		165BA9792987861D0067F217 /* String+.swift in Sources */ = {isa = PBXBuildFile; fileRef = 165BA9782987861D0067F217 /* String+.swift */; };
		165BA97B29879A090067F217 /* EmptyWordListView.swift in Sources */ = {isa = PBXBuildFile; fileRef = 165BA97A29879A090067F217 /* EmptyWordListView.swift */; };
		16C665C629936C2700B02C9E /* VLine.swift in Sources */ = {isa = PBXBuildFile; fileRef = 16C665C529936C2700B02C9E /* VLine.swift */; };
		16E1ECC1298B9A0800BA4C9C /* ShakeEffect.swift in Sources */ = {isa = PBXBuildFile; fileRef = 16E1ECC0298B9A0800BA4C9C /* ShakeEffect.swift */; };
		16E1ECC3298C49E400BA4C9C /* FieldView.swift in Sources */ = {isa = PBXBuildFile; fileRef = 16E1ECC2298C49E400BA4C9C /* FieldView.swift */; };
		16E1ECC5298CDCFC00BA4C9C /* Array+.swift in Sources */ = {isa = PBXBuildFile; fileRef = 16E1ECC4298CDCFC00BA4C9C /* Array+.swift */; };
		16E1ECC7298CE54A00BA4C9C /* Result.swift in Sources */ = {isa = PBXBuildFile; fileRef = 16E1ECC6298CE54A00BA4C9C /* Result.swift */; };
		16F432402952A46C000D74B0 /* EditWordView.swift in Sources */ = {isa = PBXBuildFile; fileRef = 16F4323F2952A46C000D74B0 /* EditWordView.swift */; };
		16FFDC59297A6D680082007C /* CSVFile.swift in Sources */ = {isa = PBXBuildFile; fileRef = 16FFDC58297A6D680082007C /* CSVFile.swift */; };
		635CBD5A298A693A0071328E /* iPadWordTestView.swift in Sources */ = {isa = PBXBuildFile; fileRef = 635CBD59298A693A0071328E /* iPadWordTestView.swift */; };
		6371E0462952058D003A1A08 /* ImportCSVFileView.swift in Sources */ = {isa = PBXBuildFile; fileRef = 6371E0452952058D003A1A08 /* ImportCSVFileView.swift */; };
		6371E04E29530716003A1A08 /* Assets.xcassets in Resources */ = {isa = PBXBuildFile; fileRef = 6371E04D29530716003A1A08 /* Assets.xcassets */; };
		6371E05029530737003A1A08 /* Launch Screen.storyboard in Resources */ = {isa = PBXBuildFile; fileRef = 6371E04F29530737003A1A08 /* Launch Screen.storyboard */; };
		6398595A2992429200E51C69 /* UbiquitousStorage.swift in Sources */ = {isa = PBXBuildFile; fileRef = 639859592992429200E51C69 /* UbiquitousStorage.swift */; };
		639B31EB298059CD00955DE4 /* WordListViewModel.swift in Sources */ = {isa = PBXBuildFile; fileRef = 639B31EA298059CD00955DE4 /* WordListViewModel.swift */; };
		639B31ED29806E1700955DE4 /* AddNewWordView.swift in Sources */ = {isa = PBXBuildFile; fileRef = 639B31EC29806E1600955DE4 /* AddNewWordView.swift */; };
		63B095F3297631F100E6BB21 /* View+.swift in Sources */ = {isa = PBXBuildFile; fileRef = 63B095F2297631F100E6BB21 /* View+.swift */; };
		63B095F5297670C200E6BB21 /* ImportCSVFileViewModel.swift in Sources */ = {isa = PBXBuildFile; fileRef = 63B095F4297670C200E6BB21 /* ImportCSVFileViewModel.swift */; };
		63B095F72976832C00E6BB21 /* DataFrame+.swift in Sources */ = {isa = PBXBuildFile; fileRef = 63B095F62976832C00E6BB21 /* DataFrame+.swift */; };
		63DC85352950312E00461DEB /* GGomVocaApp.swift in Sources */ = {isa = PBXBuildFile; fileRef = 63DC85342950312E00461DEB /* GGomVocaApp.swift */; };
		63DC85372950312E00461DEB /* Persistence.swift in Sources */ = {isa = PBXBuildFile; fileRef = 63DC85362950312E00461DEB /* Persistence.swift */; };
		63DC853A2950312E00461DEB /* GGomVoca.xcdatamodeld in Sources */ = {isa = PBXBuildFile; fileRef = 63DC85382950312E00461DEB /* GGomVoca.xcdatamodeld */; };
		63DC853C2950312E00461DEB /* ContentView.swift in Sources */ = {isa = PBXBuildFile; fileRef = 63DC853B2950312E00461DEB /* ContentView.swift */; };
		63DC85422950312F00461DEB /* Preview Assets.xcassets in Resources */ = {isa = PBXBuildFile; fileRef = 63DC85412950312F00461DEB /* Preview Assets.xcassets */; };
		63EA4ABB29875DE8009392EE /* KOAddNewWordView.swift in Sources */ = {isa = PBXBuildFile; fileRef = 63EA4AB529875DE8009392EE /* KOAddNewWordView.swift */; };
		63EA4ABC29875DE8009392EE /* KOWordListViewModel.swift in Sources */ = {isa = PBXBuildFile; fileRef = 63EA4AB629875DE8009392EE /* KOWordListViewModel.swift */; };
		63EA4ABD29875DE8009392EE /* KOEditWordView.swift in Sources */ = {isa = PBXBuildFile; fileRef = 63EA4AB729875DE8009392EE /* KOEditWordView.swift */; };
		63EA4ABE29875DE8009392EE /* KOWordCell.swift in Sources */ = {isa = PBXBuildFile; fileRef = 63EA4AB829875DE8009392EE /* KOWordCell.swift */; };
		63EA4ABF29875DE8009392EE /* KOWordListView.swift in Sources */ = {isa = PBXBuildFile; fileRef = 63EA4AB929875DE8009392EE /* KOWordListView.swift */; };
		63EA4AC029875DE8009392EE /* KOWordsTableView.swift in Sources */ = {isa = PBXBuildFile; fileRef = 63EA4ABA29875DE8009392EE /* KOWordsTableView.swift */; };
		63EA4AC829875DF4009392EE /* ENEditWordView.swift in Sources */ = {isa = PBXBuildFile; fileRef = 63EA4AC229875DF4009392EE /* ENEditWordView.swift */; };
		63EA4AC929875DF4009392EE /* ENAddNewWordView.swift in Sources */ = {isa = PBXBuildFile; fileRef = 63EA4AC329875DF4009392EE /* ENAddNewWordView.swift */; };
		63EA4ACA29875DF4009392EE /* ENWordCell.swift in Sources */ = {isa = PBXBuildFile; fileRef = 63EA4AC429875DF4009392EE /* ENWordCell.swift */; };
		63EA4ACB29875DF4009392EE /* ENWordListView.swift in Sources */ = {isa = PBXBuildFile; fileRef = 63EA4AC529875DF4009392EE /* ENWordListView.swift */; };
		63EA4ACC29875DF4009392EE /* ENWordsTableView.swift in Sources */ = {isa = PBXBuildFile; fileRef = 63EA4AC629875DF4009392EE /* ENWordsTableView.swift */; };
		63EA4ACD29875DF4009392EE /* ENWordListViewModel.swift in Sources */ = {isa = PBXBuildFile; fileRef = 63EA4AC729875DF4009392EE /* ENWordListViewModel.swift */; };
		63EA4AD529875E00009392EE /* JPAddNewWordView.swift in Sources */ = {isa = PBXBuildFile; fileRef = 63EA4ACF29875E00009392EE /* JPAddNewWordView.swift */; };
		63EA4AD629875E00009392EE /* JPWordListViewModel.swift in Sources */ = {isa = PBXBuildFile; fileRef = 63EA4AD029875E00009392EE /* JPWordListViewModel.swift */; };
		63EA4AD729875E00009392EE /* JPWordListView.swift in Sources */ = {isa = PBXBuildFile; fileRef = 63EA4AD129875E00009392EE /* JPWordListView.swift */; };
		63EA4AD829875E00009392EE /* JPEditWordView.swift in Sources */ = {isa = PBXBuildFile; fileRef = 63EA4AD229875E00009392EE /* JPEditWordView.swift */; };
		63EA4AD929875E00009392EE /* JPWordsTableView.swift in Sources */ = {isa = PBXBuildFile; fileRef = 63EA4AD329875E00009392EE /* JPWordsTableView.swift */; };
		63EA4ADA29875E00009392EE /* JPWordCell.swift in Sources */ = {isa = PBXBuildFile; fileRef = 63EA4AD429875E00009392EE /* JPWordCell.swift */; };
		63EA4AE229875E0A009392EE /* FRWordsTableView.swift in Sources */ = {isa = PBXBuildFile; fileRef = 63EA4ADC29875E0A009392EE /* FRWordsTableView.swift */; };
		63EA4AE329875E0A009392EE /* FREditWordView.swift in Sources */ = {isa = PBXBuildFile; fileRef = 63EA4ADD29875E0A009392EE /* FREditWordView.swift */; };
		63EA4AE429875E0A009392EE /* FRWordListViewModel.swift in Sources */ = {isa = PBXBuildFile; fileRef = 63EA4ADE29875E0A009392EE /* FRWordListViewModel.swift */; };
		63EA4AE529875E0A009392EE /* FRWordCell.swift in Sources */ = {isa = PBXBuildFile; fileRef = 63EA4ADF29875E0A009392EE /* FRWordCell.swift */; };
		63EA4AE629875E0A009392EE /* FRAddNewWordView.swift in Sources */ = {isa = PBXBuildFile; fileRef = 63EA4AE029875E0A009392EE /* FRAddNewWordView.swift */; };
		63EA4AE729875E0A009392EE /* FRWordListView.swift in Sources */ = {isa = PBXBuildFile; fileRef = 63EA4AE129875E0A009392EE /* FRWordListView.swift */; };
		63EA4AE92987B0B5009392EE /* EditVocabularyView.swift in Sources */ = {isa = PBXBuildFile; fileRef = 63EA4AE82987B0B5009392EE /* EditVocabularyView.swift */; };
		C08DB58F2989FCD700403F59 /* MyNoteView.swift in Sources */ = {isa = PBXBuildFile; fileRef = C08DB58E2989FCD700403F59 /* MyNoteView.swift */; };
		C08DB5EE298CD27600403F59 /* SpeechSynthesizer.swift in Sources */ = {isa = PBXBuildFile; fileRef = C08DB5ED298CD27600403F59 /* SpeechSynthesizer.swift */; };
		C0C17C812990EE1A00F24CF0 /* MyNoteDetailView.swift in Sources */ = {isa = PBXBuildFile; fileRef = C0C17C802990EE1A00F24CF0 /* MyNoteDetailView.swift */; };
		EA30AF95297784AC00C49CF3 /* WordCell.swift in Sources */ = {isa = PBXBuildFile; fileRef = EA30AF94297784AC00C49CF3 /* WordCell.swift */; };
		EA30AF9829778FE200C49CF3 /* WordListView.swift in Sources */ = {isa = PBXBuildFile; fileRef = EA30AF9729778FE200C49CF3 /* WordListView.swift */; };
		EA30AF9A2977908200C49CF3 /* WordsTableView.swift in Sources */ = {isa = PBXBuildFile; fileRef = EA30AF992977908200C49CF3 /* WordsTableView.swift */; };
		EAB4FFA92977C8830070941A /* Modifiers.swift in Sources */ = {isa = PBXBuildFile; fileRef = EAB4FFA82977C8830070941A /* Modifiers.swift */; };
		EAB4FFAD2977C8FD0070941A /* CellButtonView.swift in Sources */ = {isa = PBXBuildFile; fileRef = EAB4FFAC2977C8FD0070941A /* CellButtonView.swift */; };
		EAEF31632989F488009CE764 /* iPhoneWordTestView.swift in Sources */ = {isa = PBXBuildFile; fileRef = EAEF31622989F488009CE764 /* iPhoneWordTestView.swift */; };
		EAEF31652989F84F009CE764 /* TestModeSelectView.swift in Sources */ = {isa = PBXBuildFile; fileRef = EAEF31642989F84F009CE764 /* TestModeSelectView.swift */; };
		EAEF3167298A4205009CE764 /* WordTestResult.swift in Sources */ = {isa = PBXBuildFile; fileRef = EAEF3166298A4205009CE764 /* WordTestResult.swift */; };
		EAEF3169298AB721009CE764 /* TestViewModel.swift in Sources */ = {isa = PBXBuildFile; fileRef = EAEF3168298AB721009CE764 /* TestViewModel.swift */; };
		EE1E49FF2976709A00890CF7 /* UserManager.swift in Sources */ = {isa = PBXBuildFile; fileRef = EE1E49FE2976709A00890CF7 /* UserManager.swift */; };
		EE57C04D2951791D004312CE /* DisplaySplitView.swift in Sources */ = {isa = PBXBuildFile; fileRef = EE57C04C2951791D004312CE /* DisplaySplitView.swift */; };
		EE57C04F29517950004312CE /* AddVocabularyView.swift in Sources */ = {isa = PBXBuildFile; fileRef = EE57C04E29517950004312CE /* AddVocabularyView.swift */; };
		EE57C0512951795E004312CE /* VocabularyCell.swift in Sources */ = {isa = PBXBuildFile; fileRef = EE57C0502951795E004312CE /* VocabularyCell.swift */; };
		EE57C05429517F81004312CE /* VocabularyModel.swift in Sources */ = {isa = PBXBuildFile; fileRef = EE57C05329517F81004312CE /* VocabularyModel.swift */; };
		EE57C056295180BE004312CE /* DisplaySplitViewModel.swift in Sources */ = {isa = PBXBuildFile; fileRef = EE57C055295180BE004312CE /* DisplaySplitViewModel.swift */; };
		EE57C05A29518348004312CE /* CoredataRepository.swift in Sources */ = {isa = PBXBuildFile; fileRef = EE57C05929518348004312CE /* CoredataRepository.swift */; };
		EE57C05F2951885E004312CE /* TabbarView.swift in Sources */ = {isa = PBXBuildFile; fileRef = EE57C05E2951885E004312CE /* TabbarView.swift */; };
		EE759520298A38BC00AB6E62 /* CloudKitRepository.swift in Sources */ = {isa = PBXBuildFile; fileRef = EE75951F298A38BC00AB6E62 /* CloudKitRepository.swift */; };
		EE759522298A3A0E00AB6E62 /* CloudKitRepositoryImpl.swift in Sources */ = {isa = PBXBuildFile; fileRef = EE759521298A3A0E00AB6E62 /* CloudKitRepositoryImpl.swift */; };
		EE759526298A3C0300AB6E62 /* CoreDataRepository.swift in Sources */ = {isa = PBXBuildFile; fileRef = EE759525298A3C0300AB6E62 /* CoreDataRepository.swift */; };
		EE759528298A3C0E00AB6E62 /* CoreDataRepositoryImpl.swift in Sources */ = {isa = PBXBuildFile; fileRef = EE759527298A3C0E00AB6E62 /* CoreDataRepositoryImpl.swift */; };
		EE75952B298A5B7800AB6E62 /* VocabularyService.swift in Sources */ = {isa = PBXBuildFile; fileRef = EE75952A298A5B7800AB6E62 /* VocabularyService.swift */; };
		EE75952D298A5BAC00AB6E62 /* VocabularyServiceImpl.swift in Sources */ = {isa = PBXBuildFile; fileRef = EE75952C298A5BAC00AB6E62 /* VocabularyServiceImpl.swift */; };
		EE905661298CC4CE00E125C1 /* Vocabulary+CKRecord.swift in Sources */ = {isa = PBXBuildFile; fileRef = EE905660298CC4CE00E125C1 /* Vocabulary+CKRecord.swift */; };
		EEDCBFDD298B800A00A7B016 /* Swinject in Frameworks */ = {isa = PBXBuildFile; productRef = EEDCBFDC298B800A00A7B016 /* Swinject */; };
		EEDCBFE0298B811A00A7B016 /* DependencyManager.swift in Sources */ = {isa = PBXBuildFile; fileRef = EEDCBFDF298B811A00A7B016 /* DependencyManager.swift */; };
		EEE3018C2990B8FD00195720 /* WordListService.swift in Sources */ = {isa = PBXBuildFile; fileRef = EEE3018B2990B8FD00195720 /* WordListService.swift */; };
		EEE3018E2990B90800195720 /* WordListServiceImpl.swift in Sources */ = {isa = PBXBuildFile; fileRef = EEE3018D2990B90800195720 /* WordListServiceImpl.swift */; };
		EEE301922990C08800195720 /* Word+CKRecord.swift in Sources */ = {isa = PBXBuildFile; fileRef = EEE301912990C08800195720 /* Word+CKRecord.swift */; };
		EEE6EAB9299220D600C0F653 /* ErrorProtocol.swift in Sources */ = {isa = PBXBuildFile; fileRef = EEE6EAB8299220D600C0F653 /* ErrorProtocol.swift */; };
		EEE6EABB299220EF00C0F653 /* RepositoryError.swift in Sources */ = {isa = PBXBuildFile; fileRef = EEE6EABA299220EF00C0F653 /* RepositoryError.swift */; };
		EEE6EABD2992210A00C0F653 /* CoreDataError.swift in Sources */ = {isa = PBXBuildFile; fileRef = EEE6EABC2992210A00C0F653 /* CoreDataError.swift */; };
		EEE6EABF2992212700C0F653 /* CloudError.swift in Sources */ = {isa = PBXBuildFile; fileRef = EEE6EABE2992212700C0F653 /* CloudError.swift */; };
/* End PBXBuildFile section */

/* Begin PBXFileReference section */
		03F904E429514A6E003262AE /* WordSearchingView.swift */ = {isa = PBXFileReference; lastKnownFileType = sourcecode.swift; path = WordSearchingView.swift; sourceTree = "<group>"; };
		03F904E729514B9B003262AE /* SearchListCell.swift */ = {isa = PBXFileReference; lastKnownFileType = sourcecode.swift; path = SearchListCell.swift; sourceTree = "<group>"; };
		03F904EA295155B2003262AE /* SearchingWordModel.swift */ = {isa = PBXFileReference; lastKnownFileType = sourcecode.swift; path = SearchingWordModel.swift; sourceTree = "<group>"; };
		162EE04F29509F4E0065E103 /* SegmentView.swift */ = {isa = PBXFileReference; fileEncoding = 4; lastKnownFileType = sourcecode.swift; path = SegmentView.swift; sourceTree = "<group>"; };
		165BA9782987861D0067F217 /* String+.swift */ = {isa = PBXFileReference; lastKnownFileType = sourcecode.swift; path = "String+.swift"; sourceTree = "<group>"; };
		165BA97A29879A090067F217 /* EmptyWordListView.swift */ = {isa = PBXFileReference; lastKnownFileType = sourcecode.swift; path = EmptyWordListView.swift; sourceTree = "<group>"; };
		16C665C529936C2700B02C9E /* VLine.swift */ = {isa = PBXFileReference; lastKnownFileType = sourcecode.swift; path = VLine.swift; sourceTree = "<group>"; };
		16E1ECC0298B9A0800BA4C9C /* ShakeEffect.swift */ = {isa = PBXFileReference; lastKnownFileType = sourcecode.swift; path = ShakeEffect.swift; sourceTree = "<group>"; };
		16E1ECC2298C49E400BA4C9C /* FieldView.swift */ = {isa = PBXFileReference; lastKnownFileType = sourcecode.swift; path = FieldView.swift; sourceTree = "<group>"; };
		16E1ECC4298CDCFC00BA4C9C /* Array+.swift */ = {isa = PBXFileReference; lastKnownFileType = sourcecode.swift; path = "Array+.swift"; sourceTree = "<group>"; };
		16E1ECC6298CE54A00BA4C9C /* Result.swift */ = {isa = PBXFileReference; lastKnownFileType = sourcecode.swift; path = Result.swift; sourceTree = "<group>"; };
		16F4323F2952A46C000D74B0 /* EditWordView.swift */ = {isa = PBXFileReference; lastKnownFileType = sourcecode.swift; path = EditWordView.swift; sourceTree = "<group>"; };
		16FFDC58297A6D680082007C /* CSVFile.swift */ = {isa = PBXFileReference; lastKnownFileType = sourcecode.swift; path = CSVFile.swift; sourceTree = "<group>"; };
		635CBD59298A693A0071328E /* iPadWordTestView.swift */ = {isa = PBXFileReference; fileEncoding = 4; lastKnownFileType = sourcecode.swift; path = iPadWordTestView.swift; sourceTree = "<group>"; };
		6371E0452952058D003A1A08 /* ImportCSVFileView.swift */ = {isa = PBXFileReference; lastKnownFileType = sourcecode.swift; path = ImportCSVFileView.swift; sourceTree = "<group>"; };
		6371E04D29530716003A1A08 /* Assets.xcassets */ = {isa = PBXFileReference; lastKnownFileType = folder.assetcatalog; path = Assets.xcassets; sourceTree = "<group>"; };
		6371E04F29530737003A1A08 /* Launch Screen.storyboard */ = {isa = PBXFileReference; fileEncoding = 4; lastKnownFileType = file.storyboard; path = "Launch Screen.storyboard"; sourceTree = "<group>"; };
		6371E05129530885003A1A08 /* Info.plist */ = {isa = PBXFileReference; lastKnownFileType = text.plist; path = Info.plist; sourceTree = "<group>"; };
		639859592992429200E51C69 /* UbiquitousStorage.swift */ = {isa = PBXFileReference; lastKnownFileType = sourcecode.swift; path = UbiquitousStorage.swift; sourceTree = "<group>"; };
		639B31EA298059CD00955DE4 /* WordListViewModel.swift */ = {isa = PBXFileReference; lastKnownFileType = sourcecode.swift; path = WordListViewModel.swift; sourceTree = "<group>"; };
		639B31EC29806E1600955DE4 /* AddNewWordView.swift */ = {isa = PBXFileReference; fileEncoding = 4; lastKnownFileType = sourcecode.swift; path = AddNewWordView.swift; sourceTree = "<group>"; };
		63B095F2297631F100E6BB21 /* View+.swift */ = {isa = PBXFileReference; lastKnownFileType = sourcecode.swift; path = "View+.swift"; sourceTree = "<group>"; };
		63B095F4297670C200E6BB21 /* ImportCSVFileViewModel.swift */ = {isa = PBXFileReference; lastKnownFileType = sourcecode.swift; path = ImportCSVFileViewModel.swift; sourceTree = "<group>"; };
		63B095F62976832C00E6BB21 /* DataFrame+.swift */ = {isa = PBXFileReference; lastKnownFileType = sourcecode.swift; path = "DataFrame+.swift"; sourceTree = "<group>"; };
		63DC85312950312E00461DEB /* GGomVoca.app */ = {isa = PBXFileReference; explicitFileType = wrapper.application; includeInIndex = 0; path = GGomVoca.app; sourceTree = BUILT_PRODUCTS_DIR; };
		63DC85342950312E00461DEB /* GGomVocaApp.swift */ = {isa = PBXFileReference; lastKnownFileType = sourcecode.swift; path = GGomVocaApp.swift; sourceTree = "<group>"; };
		63DC85362950312E00461DEB /* Persistence.swift */ = {isa = PBXFileReference; lastKnownFileType = sourcecode.swift; path = Persistence.swift; sourceTree = "<group>"; };
		63DC85392950312E00461DEB /* GGomVoca.xcdatamodel */ = {isa = PBXFileReference; lastKnownFileType = wrapper.xcdatamodel; path = GGomVoca.xcdatamodel; sourceTree = "<group>"; };
		63DC853B2950312E00461DEB /* ContentView.swift */ = {isa = PBXFileReference; lastKnownFileType = sourcecode.swift; path = ContentView.swift; sourceTree = "<group>"; };
		63DC853F2950312F00461DEB /* GGomVoca.entitlements */ = {isa = PBXFileReference; lastKnownFileType = text.plist.entitlements; path = GGomVoca.entitlements; sourceTree = "<group>"; };
		63DC85412950312F00461DEB /* Preview Assets.xcassets */ = {isa = PBXFileReference; lastKnownFileType = folder.assetcatalog; path = "Preview Assets.xcassets"; sourceTree = "<group>"; };
		63EA4AB529875DE8009392EE /* KOAddNewWordView.swift */ = {isa = PBXFileReference; fileEncoding = 4; lastKnownFileType = sourcecode.swift; path = KOAddNewWordView.swift; sourceTree = "<group>"; };
		63EA4AB629875DE8009392EE /* KOWordListViewModel.swift */ = {isa = PBXFileReference; fileEncoding = 4; lastKnownFileType = sourcecode.swift; path = KOWordListViewModel.swift; sourceTree = "<group>"; };
		63EA4AB729875DE8009392EE /* KOEditWordView.swift */ = {isa = PBXFileReference; fileEncoding = 4; lastKnownFileType = sourcecode.swift; path = KOEditWordView.swift; sourceTree = "<group>"; };
		63EA4AB829875DE8009392EE /* KOWordCell.swift */ = {isa = PBXFileReference; fileEncoding = 4; lastKnownFileType = sourcecode.swift; path = KOWordCell.swift; sourceTree = "<group>"; };
		63EA4AB929875DE8009392EE /* KOWordListView.swift */ = {isa = PBXFileReference; fileEncoding = 4; lastKnownFileType = sourcecode.swift; path = KOWordListView.swift; sourceTree = "<group>"; };
		63EA4ABA29875DE8009392EE /* KOWordsTableView.swift */ = {isa = PBXFileReference; fileEncoding = 4; lastKnownFileType = sourcecode.swift; path = KOWordsTableView.swift; sourceTree = "<group>"; };
		63EA4AC229875DF4009392EE /* ENEditWordView.swift */ = {isa = PBXFileReference; fileEncoding = 4; lastKnownFileType = sourcecode.swift; path = ENEditWordView.swift; sourceTree = "<group>"; };
		63EA4AC329875DF4009392EE /* ENAddNewWordView.swift */ = {isa = PBXFileReference; fileEncoding = 4; lastKnownFileType = sourcecode.swift; path = ENAddNewWordView.swift; sourceTree = "<group>"; };
		63EA4AC429875DF4009392EE /* ENWordCell.swift */ = {isa = PBXFileReference; fileEncoding = 4; lastKnownFileType = sourcecode.swift; path = ENWordCell.swift; sourceTree = "<group>"; };
		63EA4AC529875DF4009392EE /* ENWordListView.swift */ = {isa = PBXFileReference; fileEncoding = 4; lastKnownFileType = sourcecode.swift; path = ENWordListView.swift; sourceTree = "<group>"; };
		63EA4AC629875DF4009392EE /* ENWordsTableView.swift */ = {isa = PBXFileReference; fileEncoding = 4; lastKnownFileType = sourcecode.swift; path = ENWordsTableView.swift; sourceTree = "<group>"; };
		63EA4AC729875DF4009392EE /* ENWordListViewModel.swift */ = {isa = PBXFileReference; fileEncoding = 4; lastKnownFileType = sourcecode.swift; path = ENWordListViewModel.swift; sourceTree = "<group>"; };
		63EA4ACF29875E00009392EE /* JPAddNewWordView.swift */ = {isa = PBXFileReference; fileEncoding = 4; lastKnownFileType = sourcecode.swift; path = JPAddNewWordView.swift; sourceTree = "<group>"; };
		63EA4AD029875E00009392EE /* JPWordListViewModel.swift */ = {isa = PBXFileReference; fileEncoding = 4; lastKnownFileType = sourcecode.swift; path = JPWordListViewModel.swift; sourceTree = "<group>"; };
		63EA4AD129875E00009392EE /* JPWordListView.swift */ = {isa = PBXFileReference; fileEncoding = 4; lastKnownFileType = sourcecode.swift; path = JPWordListView.swift; sourceTree = "<group>"; };
		63EA4AD229875E00009392EE /* JPEditWordView.swift */ = {isa = PBXFileReference; fileEncoding = 4; lastKnownFileType = sourcecode.swift; path = JPEditWordView.swift; sourceTree = "<group>"; };
		63EA4AD329875E00009392EE /* JPWordsTableView.swift */ = {isa = PBXFileReference; fileEncoding = 4; lastKnownFileType = sourcecode.swift; path = JPWordsTableView.swift; sourceTree = "<group>"; };
		63EA4AD429875E00009392EE /* JPWordCell.swift */ = {isa = PBXFileReference; fileEncoding = 4; lastKnownFileType = sourcecode.swift; path = JPWordCell.swift; sourceTree = "<group>"; };
		63EA4ADC29875E0A009392EE /* FRWordsTableView.swift */ = {isa = PBXFileReference; fileEncoding = 4; lastKnownFileType = sourcecode.swift; path = FRWordsTableView.swift; sourceTree = "<group>"; };
		63EA4ADD29875E0A009392EE /* FREditWordView.swift */ = {isa = PBXFileReference; fileEncoding = 4; lastKnownFileType = sourcecode.swift; path = FREditWordView.swift; sourceTree = "<group>"; };
		63EA4ADE29875E0A009392EE /* FRWordListViewModel.swift */ = {isa = PBXFileReference; fileEncoding = 4; lastKnownFileType = sourcecode.swift; path = FRWordListViewModel.swift; sourceTree = "<group>"; };
		63EA4ADF29875E0A009392EE /* FRWordCell.swift */ = {isa = PBXFileReference; fileEncoding = 4; lastKnownFileType = sourcecode.swift; path = FRWordCell.swift; sourceTree = "<group>"; };
		63EA4AE029875E0A009392EE /* FRAddNewWordView.swift */ = {isa = PBXFileReference; fileEncoding = 4; lastKnownFileType = sourcecode.swift; path = FRAddNewWordView.swift; sourceTree = "<group>"; };
		63EA4AE129875E0A009392EE /* FRWordListView.swift */ = {isa = PBXFileReference; fileEncoding = 4; lastKnownFileType = sourcecode.swift; path = FRWordListView.swift; sourceTree = "<group>"; };
		63EA4AE82987B0B5009392EE /* EditVocabularyView.swift */ = {isa = PBXFileReference; lastKnownFileType = sourcecode.swift; path = EditVocabularyView.swift; sourceTree = "<group>"; };
		C08DB58E2989FCD700403F59 /* MyNoteView.swift */ = {isa = PBXFileReference; lastKnownFileType = sourcecode.swift; path = MyNoteView.swift; sourceTree = "<group>"; };
		C08DB5ED298CD27600403F59 /* SpeechSynthesizer.swift */ = {isa = PBXFileReference; lastKnownFileType = sourcecode.swift; path = SpeechSynthesizer.swift; sourceTree = "<group>"; };
		C0C17C802990EE1A00F24CF0 /* MyNoteDetailView.swift */ = {isa = PBXFileReference; lastKnownFileType = sourcecode.swift; path = MyNoteDetailView.swift; sourceTree = "<group>"; };
		EA30AF94297784AC00C49CF3 /* WordCell.swift */ = {isa = PBXFileReference; lastKnownFileType = sourcecode.swift; path = WordCell.swift; sourceTree = "<group>"; };
		EA30AF9729778FE200C49CF3 /* WordListView.swift */ = {isa = PBXFileReference; lastKnownFileType = sourcecode.swift; path = WordListView.swift; sourceTree = "<group>"; };
		EA30AF992977908200C49CF3 /* WordsTableView.swift */ = {isa = PBXFileReference; lastKnownFileType = sourcecode.swift; path = WordsTableView.swift; sourceTree = "<group>"; };
		EAB4FFA82977C8830070941A /* Modifiers.swift */ = {isa = PBXFileReference; lastKnownFileType = sourcecode.swift; path = Modifiers.swift; sourceTree = "<group>"; };
		EAB4FFAC2977C8FD0070941A /* CellButtonView.swift */ = {isa = PBXFileReference; lastKnownFileType = sourcecode.swift; path = CellButtonView.swift; sourceTree = "<group>"; };
		EAEF31622989F488009CE764 /* iPhoneWordTestView.swift */ = {isa = PBXFileReference; lastKnownFileType = sourcecode.swift; path = iPhoneWordTestView.swift; sourceTree = "<group>"; };
		EAEF31642989F84F009CE764 /* TestModeSelectView.swift */ = {isa = PBXFileReference; lastKnownFileType = sourcecode.swift; path = TestModeSelectView.swift; sourceTree = "<group>"; };
		EAEF3166298A4205009CE764 /* WordTestResult.swift */ = {isa = PBXFileReference; lastKnownFileType = sourcecode.swift; path = WordTestResult.swift; sourceTree = "<group>"; };
		EAEF3168298AB721009CE764 /* TestViewModel.swift */ = {isa = PBXFileReference; lastKnownFileType = sourcecode.swift; path = TestViewModel.swift; sourceTree = "<group>"; };
		EE1E49FE2976709A00890CF7 /* UserManager.swift */ = {isa = PBXFileReference; lastKnownFileType = sourcecode.swift; path = UserManager.swift; sourceTree = "<group>"; };
		EE57C04C2951791D004312CE /* DisplaySplitView.swift */ = {isa = PBXFileReference; lastKnownFileType = sourcecode.swift; path = DisplaySplitView.swift; sourceTree = "<group>"; };
		EE57C04E29517950004312CE /* AddVocabularyView.swift */ = {isa = PBXFileReference; lastKnownFileType = sourcecode.swift; path = AddVocabularyView.swift; sourceTree = "<group>"; };
		EE57C0502951795E004312CE /* VocabularyCell.swift */ = {isa = PBXFileReference; lastKnownFileType = sourcecode.swift; path = VocabularyCell.swift; sourceTree = "<group>"; };
		EE57C05329517F81004312CE /* VocabularyModel.swift */ = {isa = PBXFileReference; lastKnownFileType = sourcecode.swift; path = VocabularyModel.swift; sourceTree = "<group>"; };
		EE57C055295180BE004312CE /* DisplaySplitViewModel.swift */ = {isa = PBXFileReference; lastKnownFileType = sourcecode.swift; path = DisplaySplitViewModel.swift; sourceTree = "<group>"; };
		EE57C05929518348004312CE /* CoredataRepository.swift */ = {isa = PBXFileReference; lastKnownFileType = sourcecode.swift; path = CoredataRepository.swift; sourceTree = "<group>"; };
		EE57C05E2951885E004312CE /* TabbarView.swift */ = {isa = PBXFileReference; lastKnownFileType = sourcecode.swift; path = TabbarView.swift; sourceTree = "<group>"; };
		EE75951F298A38BC00AB6E62 /* CloudKitRepository.swift */ = {isa = PBXFileReference; lastKnownFileType = sourcecode.swift; path = CloudKitRepository.swift; sourceTree = "<group>"; };
		EE759521298A3A0E00AB6E62 /* CloudKitRepositoryImpl.swift */ = {isa = PBXFileReference; lastKnownFileType = sourcecode.swift; path = CloudKitRepositoryImpl.swift; sourceTree = "<group>"; };
		EE759525298A3C0300AB6E62 /* CoreDataRepository.swift */ = {isa = PBXFileReference; lastKnownFileType = sourcecode.swift; path = CoreDataRepository.swift; sourceTree = "<group>"; };
		EE759527298A3C0E00AB6E62 /* CoreDataRepositoryImpl.swift */ = {isa = PBXFileReference; lastKnownFileType = sourcecode.swift; path = CoreDataRepositoryImpl.swift; sourceTree = "<group>"; };
		EE75952A298A5B7800AB6E62 /* VocabularyService.swift */ = {isa = PBXFileReference; lastKnownFileType = sourcecode.swift; path = VocabularyService.swift; sourceTree = "<group>"; };
		EE75952C298A5BAC00AB6E62 /* VocabularyServiceImpl.swift */ = {isa = PBXFileReference; lastKnownFileType = sourcecode.swift; path = VocabularyServiceImpl.swift; sourceTree = "<group>"; };
		EE905660298CC4CE00E125C1 /* Vocabulary+CKRecord.swift */ = {isa = PBXFileReference; lastKnownFileType = sourcecode.swift; path = "Vocabulary+CKRecord.swift"; sourceTree = "<group>"; };
		EEDCBFDF298B811A00A7B016 /* DependencyManager.swift */ = {isa = PBXFileReference; lastKnownFileType = sourcecode.swift; path = DependencyManager.swift; sourceTree = "<group>"; };
		EEE3018B2990B8FD00195720 /* WordListService.swift */ = {isa = PBXFileReference; lastKnownFileType = sourcecode.swift; path = WordListService.swift; sourceTree = "<group>"; };
		EEE3018D2990B90800195720 /* WordListServiceImpl.swift */ = {isa = PBXFileReference; lastKnownFileType = sourcecode.swift; path = WordListServiceImpl.swift; sourceTree = "<group>"; };
		EEE301912990C08800195720 /* Word+CKRecord.swift */ = {isa = PBXFileReference; lastKnownFileType = sourcecode.swift; path = "Word+CKRecord.swift"; sourceTree = "<group>"; };
		EEE6EAB8299220D600C0F653 /* ErrorProtocol.swift */ = {isa = PBXFileReference; lastKnownFileType = sourcecode.swift; path = ErrorProtocol.swift; sourceTree = "<group>"; };
		EEE6EABA299220EF00C0F653 /* RepositoryError.swift */ = {isa = PBXFileReference; lastKnownFileType = sourcecode.swift; path = RepositoryError.swift; sourceTree = "<group>"; };
		EEE6EABC2992210A00C0F653 /* CoreDataError.swift */ = {isa = PBXFileReference; lastKnownFileType = sourcecode.swift; path = CoreDataError.swift; sourceTree = "<group>"; };
		EEE6EABE2992212700C0F653 /* CloudError.swift */ = {isa = PBXFileReference; lastKnownFileType = sourcecode.swift; path = CloudError.swift; sourceTree = "<group>"; };
/* End PBXFileReference section */

/* Begin PBXFrameworksBuildPhase section */
		63DC852E2950312E00461DEB /* Frameworks */ = {
			isa = PBXFrameworksBuildPhase;
			buildActionMask = 2147483647;
			files = (
				EEDCBFDD298B800A00A7B016 /* Swinject in Frameworks */,
			);
			runOnlyForDeploymentPostprocessing = 0;
		};
/* End PBXFrameworksBuildPhase section */

/* Begin PBXGroup section */
		03F904E329514A55003262AE /* WordSearchingView */ = {
			isa = PBXGroup;
			children = (
				03F904E429514A6E003262AE /* WordSearchingView.swift */,
				03F904E92951558A003262AE /* Model */,
				03F904E629514B85003262AE /* Cell */,
			);
			path = WordSearchingView;
			sourceTree = "<group>";
		};
		03F904E629514B85003262AE /* Cell */ = {
			isa = PBXGroup;
			children = (
				03F904E729514B9B003262AE /* SearchListCell.swift */,
			);
			path = Cell;
			sourceTree = "<group>";
		};
		03F904E92951558A003262AE /* Model */ = {
			isa = PBXGroup;
			children = (
				03F904EA295155B2003262AE /* SearchingWordModel.swift */,
			);
			path = Model;
			sourceTree = "<group>";
		};
		162EE03729507A690065E103 /* WordListView */ = {
			isa = PBXGroup;
			children = (
				16FFDC57297A6D580082007C /* Model */,
				162EE04E29509F4E0065E103 /* CommonView */,
				EA30AF9629778FCA00C49CF3 /* WordList */,
				63EA4AB429875DE8009392EE /* KOWordList */,
				63EA4AC129875DF4009392EE /* ENWordList */,
				63EA4ACE29875E00009392EE /* JPWordList */,
				63EA4ADB29875E0A009392EE /* FRWordList */,
			);
			path = WordListView;
			sourceTree = "<group>";
		};
		162EE04E29509F4E0065E103 /* CommonView */ = {
			isa = PBXGroup;
			children = (
				162EE04F29509F4E0065E103 /* SegmentView.swift */,
				63B095F4297670C200E6BB21 /* ImportCSVFileViewModel.swift */,
				6371E0452952058D003A1A08 /* ImportCSVFileView.swift */,
				EAB4FFAC2977C8FD0070941A /* CellButtonView.swift */,
				165BA97A29879A090067F217 /* EmptyWordListView.swift */,
				16E1ECC2298C49E400BA4C9C /* FieldView.swift */,
				16C665C529936C2700B02C9E /* VLine.swift */,
			);
			path = CommonView;
			sourceTree = "<group>";
		};
		16FFDC57297A6D580082007C /* Model */ = {
			isa = PBXGroup;
			children = (
				16FFDC58297A6D680082007C /* CSVFile.swift */,
			);
			path = Model;
			sourceTree = "<group>";
		};
		63B095F1297631DF00E6BB21 /* Extension */ = {
			isa = PBXGroup;
			children = (
				EE905660298CC4CE00E125C1 /* Vocabulary+CKRecord.swift */,
				EEE301912990C08800195720 /* Word+CKRecord.swift */,
				63B095F2297631F100E6BB21 /* View+.swift */,
				63B095F62976832C00E6BB21 /* DataFrame+.swift */,
				165BA9782987861D0067F217 /* String+.swift */,
				16E1ECC4298CDCFC00BA4C9C /* Array+.swift */,
			);
			path = Extension;
			sourceTree = "<group>";
		};
		63DC85282950312E00461DEB = {
			isa = PBXGroup;
			children = (
				63DC85332950312E00461DEB /* GGomVoca */,
				63DC85322950312E00461DEB /* Products */,
			);
			sourceTree = "<group>";
		};
		63DC85322950312E00461DEB /* Products */ = {
			isa = PBXGroup;
			children = (
				63DC85312950312E00461DEB /* GGomVoca.app */,
			);
			name = Products;
			sourceTree = "<group>";
		};
		63DC85332950312E00461DEB /* GGomVoca */ = {
			isa = PBXGroup;
			children = (
				C08DB5EC298CD25300403F59 /* Util */,
				EEDCBFDE298B810200A7B016 /* DI */,
				EE759529298A594600AB6E62 /* Service */,
				EE75951E298A38A700AB6E62 /* Repository */,
				EE1E49FD2976700800890CF7 /* Configuration */,
				EAB4FFA72977C7D60070941A /* Modifier */,
				63B095F1297631DF00E6BB21 /* Extension */,
				6371E05129530885003A1A08 /* Info.plist */,
				63DC85342950312E00461DEB /* GGomVocaApp.swift */,
				EE57C05B29518833004312CE /* Component */,
				63DC854B2950321D00461DEB /* View */,
				63DC85362950312E00461DEB /* Persistence.swift */,
				6371E04D29530716003A1A08 /* Assets.xcassets */,
				6371E04F29530737003A1A08 /* Launch Screen.storyboard */,
				63DC853F2950312F00461DEB /* GGomVoca.entitlements */,
				63DC85382950312E00461DEB /* GGomVoca.xcdatamodeld */,
				63DC85402950312F00461DEB /* Preview Content */,
			);
			path = GGomVoca;
			sourceTree = "<group>";
		};
		63DC85402950312F00461DEB /* Preview Content */ = {
			isa = PBXGroup;
			children = (
				63DC85412950312F00461DEB /* Preview Assets.xcassets */,
			);
			path = "Preview Content";
			sourceTree = "<group>";
		};
		63DC854B2950321D00461DEB /* View */ = {
			isa = PBXGroup;
			children = (
				C08DB58D2989FC9600403F59 /* MyNoteView */,
				EE57C04A29517881004312CE /* DisplaySplitView */,
				03F904E329514A55003262AE /* WordSearchingView */,
				162EE03729507A690065E103 /* WordListView */,
				63DC853B2950312E00461DEB /* ContentView.swift */,
				EAEF3168298AB721009CE764 /* TestViewModel.swift */,
				EAEF31642989F84F009CE764 /* TestModeSelectView.swift */,
				EAEF31622989F488009CE764 /* iPhoneWordTestView.swift */,
				635CBD59298A693A0071328E /* iPadWordTestView.swift */,
				EAEF3166298A4205009CE764 /* WordTestResult.swift */,
				16E1ECC6298CE54A00BA4C9C /* Result.swift */,
			);
			path = View;
			sourceTree = "<group>";
		};
		63EA4AB429875DE8009392EE /* KOWordList */ = {
			isa = PBXGroup;
			children = (
				63EA4AB529875DE8009392EE /* KOAddNewWordView.swift */,
				63EA4AB629875DE8009392EE /* KOWordListViewModel.swift */,
				63EA4AB729875DE8009392EE /* KOEditWordView.swift */,
				63EA4AB829875DE8009392EE /* KOWordCell.swift */,
				63EA4AB929875DE8009392EE /* KOWordListView.swift */,
				63EA4ABA29875DE8009392EE /* KOWordsTableView.swift */,
			);
			path = KOWordList;
			sourceTree = "<group>";
		};
		63EA4AC129875DF4009392EE /* ENWordList */ = {
			isa = PBXGroup;
			children = (
				63EA4AC229875DF4009392EE /* ENEditWordView.swift */,
				63EA4AC329875DF4009392EE /* ENAddNewWordView.swift */,
				63EA4AC429875DF4009392EE /* ENWordCell.swift */,
				63EA4AC529875DF4009392EE /* ENWordListView.swift */,
				63EA4AC629875DF4009392EE /* ENWordsTableView.swift */,
				63EA4AC729875DF4009392EE /* ENWordListViewModel.swift */,
			);
			path = ENWordList;
			sourceTree = "<group>";
		};
		63EA4ACE29875E00009392EE /* JPWordList */ = {
			isa = PBXGroup;
			children = (
				63EA4ACF29875E00009392EE /* JPAddNewWordView.swift */,
				63EA4AD029875E00009392EE /* JPWordListViewModel.swift */,
				63EA4AD129875E00009392EE /* JPWordListView.swift */,
				63EA4AD229875E00009392EE /* JPEditWordView.swift */,
				63EA4AD329875E00009392EE /* JPWordsTableView.swift */,
				63EA4AD429875E00009392EE /* JPWordCell.swift */,
			);
			path = JPWordList;
			sourceTree = "<group>";
		};
		63EA4ADB29875E0A009392EE /* FRWordList */ = {
			isa = PBXGroup;
			children = (
				63EA4ADC29875E0A009392EE /* FRWordsTableView.swift */,
				63EA4ADD29875E0A009392EE /* FREditWordView.swift */,
				63EA4ADE29875E0A009392EE /* FRWordListViewModel.swift */,
				63EA4ADF29875E0A009392EE /* FRWordCell.swift */,
				63EA4AE029875E0A009392EE /* FRAddNewWordView.swift */,
				63EA4AE129875E0A009392EE /* FRWordListView.swift */,
			);
			path = FRWordList;
			sourceTree = "<group>";
		};
		C08DB58D2989FC9600403F59 /* MyNoteView */ = {
			isa = PBXGroup;
			children = (
				C08DB58E2989FCD700403F59 /* MyNoteView.swift */,
				C0C17C802990EE1A00F24CF0 /* MyNoteDetailView.swift */,
			);
			path = MyNoteView;
			sourceTree = "<group>";
		};
		C08DB5EC298CD25300403F59 /* Util */ = {
			isa = PBXGroup;
			children = (
				C08DB5ED298CD27600403F59 /* SpeechSynthesizer.swift */,
			);
			path = Util;
			sourceTree = "<group>";
		};
		EA30AF9629778FCA00C49CF3 /* WordList */ = {
			isa = PBXGroup;
			children = (
				639B31EA298059CD00955DE4 /* WordListViewModel.swift */,
				EA30AF9729778FE200C49CF3 /* WordListView.swift */,
				EA30AF992977908200C49CF3 /* WordsTableView.swift */,
				EA30AF94297784AC00C49CF3 /* WordCell.swift */,
				639B31EC29806E1600955DE4 /* AddNewWordView.swift */,
				16F4323F2952A46C000D74B0 /* EditWordView.swift */,
			);
			path = WordList;
			sourceTree = "<group>";
		};
		EAB4FFA72977C7D60070941A /* Modifier */ = {
			isa = PBXGroup;
			children = (
				EAB4FFA82977C8830070941A /* Modifiers.swift */,
				16E1ECC0298B9A0800BA4C9C /* ShakeEffect.swift */,
			);
			path = Modifier;
			sourceTree = "<group>";
		};
		EE1E49FD2976700800890CF7 /* Configuration */ = {
			isa = PBXGroup;
			children = (
				EE1E49FE2976709A00890CF7 /* UserManager.swift */,
				639859592992429200E51C69 /* UbiquitousStorage.swift */,
			);
			path = Configuration;
			sourceTree = "<group>";
		};
		EE57C04A29517881004312CE /* DisplaySplitView */ = {
			isa = PBXGroup;
			children = (
				EE57C04C2951791D004312CE /* DisplaySplitView.swift */,
				EE57C04E29517950004312CE /* AddVocabularyView.swift */,
				63EA4AE82987B0B5009392EE /* EditVocabularyView.swift */,
				EE57C05829518319004312CE /* ViewModel */,
				EE57C057295182FD004312CE /* Repository */,
				EE57C05229517F51004312CE /* Model */,
				EE57C04B295178AD004312CE /* Cell */,
			);
			path = DisplaySplitView;
			sourceTree = "<group>";
		};
		EE57C04B295178AD004312CE /* Cell */ = {
			isa = PBXGroup;
			children = (
				EE57C0502951795E004312CE /* VocabularyCell.swift */,
			);
			path = Cell;
			sourceTree = "<group>";
		};
		EE57C05229517F51004312CE /* Model */ = {
			isa = PBXGroup;
			children = (
				EE57C05329517F81004312CE /* VocabularyModel.swift */,
			);
			path = Model;
			sourceTree = "<group>";
		};
		EE57C057295182FD004312CE /* Repository */ = {
			isa = PBXGroup;
			children = (
				EE57C05929518348004312CE /* CoredataRepository.swift */,
			);
			path = Repository;
			sourceTree = "<group>";
		};
		EE57C05829518319004312CE /* ViewModel */ = {
			isa = PBXGroup;
			children = (
				EE57C055295180BE004312CE /* DisplaySplitViewModel.swift */,
			);
			path = ViewModel;
			sourceTree = "<group>";
		};
		EE57C05B29518833004312CE /* Component */ = {
			isa = PBXGroup;
			children = (
				EE57C05E2951885E004312CE /* TabbarView.swift */,
			);
			path = Component;
			sourceTree = "<group>";
		};
		EE75951E298A38A700AB6E62 /* Repository */ = {
			isa = PBXGroup;
			children = (
				EEE6EAB72992209C00C0F653 /* RepositoryError */,
				EE759524298A3BED00AB6E62 /* CoreDataRepo */,
				EE759523298A3BDF00AB6E62 /* CloudKitRepo */,
			);
			path = Repository;
			sourceTree = "<group>";
		};
		EE759523298A3BDF00AB6E62 /* CloudKitRepo */ = {
			isa = PBXGroup;
			children = (
				EE75951F298A38BC00AB6E62 /* CloudKitRepository.swift */,
				EE759521298A3A0E00AB6E62 /* CloudKitRepositoryImpl.swift */,
			);
			path = CloudKitRepo;
			sourceTree = "<group>";
		};
		EE759524298A3BED00AB6E62 /* CoreDataRepo */ = {
			isa = PBXGroup;
			children = (
				EE759525298A3C0300AB6E62 /* CoreDataRepository.swift */,
				EE759527298A3C0E00AB6E62 /* CoreDataRepositoryImpl.swift */,
			);
			path = CoreDataRepo;
			sourceTree = "<group>";
		};
		EE759529298A594600AB6E62 /* Service */ = {
			isa = PBXGroup;
			children = (
				EEE3018A2990B7D000195720 /* WordList */,
				EE75952E298A5BC300AB6E62 /* Vocabulary */,
			);
			path = Service;
			sourceTree = "<group>";
		};
		EE75952E298A5BC300AB6E62 /* Vocabulary */ = {
			isa = PBXGroup;
			children = (
				EE75952A298A5B7800AB6E62 /* VocabularyService.swift */,
				EE75952C298A5BAC00AB6E62 /* VocabularyServiceImpl.swift */,
			);
			path = Vocabulary;
			sourceTree = "<group>";
		};
		EEDCBFDE298B810200A7B016 /* DI */ = {
			isa = PBXGroup;
			children = (
				EEDCBFDF298B811A00A7B016 /* DependencyManager.swift */,
			);
			path = DI;
			sourceTree = "<group>";
		};
		EEE3018A2990B7D000195720 /* WordList */ = {
			isa = PBXGroup;
			children = (
				EEE3018B2990B8FD00195720 /* WordListService.swift */,
				EEE3018D2990B90800195720 /* WordListServiceImpl.swift */,
			);
			path = WordList;
			sourceTree = "<group>";
		};
		EEE6EAB72992209C00C0F653 /* RepositoryError */ = {
			isa = PBXGroup;
			children = (
				EEE6EAB8299220D600C0F653 /* ErrorProtocol.swift */,
				EEE6EABA299220EF00C0F653 /* RepositoryError.swift */,
				EEE6EABC2992210A00C0F653 /* CoreDataError.swift */,
				EEE6EABE2992212700C0F653 /* CloudError.swift */,
			);
			path = RepositoryError;
			sourceTree = "<group>";
		};
/* End PBXGroup section */

/* Begin PBXNativeTarget section */
		63DC85302950312E00461DEB /* GGomVoca */ = {
			isa = PBXNativeTarget;
			buildConfigurationList = 63DC85452950312F00461DEB /* Build configuration list for PBXNativeTarget "GGomVoca" */;
			buildPhases = (
				63DC852D2950312E00461DEB /* Sources */,
				63DC852E2950312E00461DEB /* Frameworks */,
				63DC852F2950312E00461DEB /* Resources */,
			);
			buildRules = (
			);
			dependencies = (
			);
			name = GGomVoca;
			packageProductDependencies = (
				EEDCBFDC298B800A00A7B016 /* Swinject */,
			);
			productName = GGomVoca;
			productReference = 63DC85312950312E00461DEB /* GGomVoca.app */;
			productType = "com.apple.product-type.application";
		};
/* End PBXNativeTarget section */

/* Begin PBXProject section */
		63DC85292950312E00461DEB /* Project object */ = {
			isa = PBXProject;
			attributes = {
				BuildIndependentTargetsInParallel = 1;
				LastSwiftUpdateCheck = 1420;
				LastUpgradeCheck = 1420;
				TargetAttributes = {
					63DC85302950312E00461DEB = {
						CreatedOnToolsVersion = 14.2;
					};
				};
			};
			buildConfigurationList = 63DC852C2950312E00461DEB /* Build configuration list for PBXProject "GGomVoca" */;
			compatibilityVersion = "Xcode 14.0";
			developmentRegion = en;
			hasScannedForEncodings = 0;
			knownRegions = (
				en,
				Base,
			);
			mainGroup = 63DC85282950312E00461DEB;
			packageReferences = (
				EEDCBFDB298B800A00A7B016 /* XCRemoteSwiftPackageReference "Swinject" */,
			);
			productRefGroup = 63DC85322950312E00461DEB /* Products */;
			projectDirPath = "";
			projectRoot = "";
			targets = (
				63DC85302950312E00461DEB /* GGomVoca */,
			);
		};
/* End PBXProject section */

/* Begin PBXResourcesBuildPhase section */
		63DC852F2950312E00461DEB /* Resources */ = {
			isa = PBXResourcesBuildPhase;
			buildActionMask = 2147483647;
			files = (
				6371E05029530737003A1A08 /* Launch Screen.storyboard in Resources */,
				63DC85422950312F00461DEB /* Preview Assets.xcassets in Resources */,
				6371E04E29530716003A1A08 /* Assets.xcassets in Resources */,
			);
			runOnlyForDeploymentPostprocessing = 0;
		};
/* End PBXResourcesBuildPhase section */

/* Begin PBXSourcesBuildPhase section */
		63DC852D2950312E00461DEB /* Sources */ = {
			isa = PBXSourcesBuildPhase;
			buildActionMask = 2147483647;
			files = (
				03F904E829514B9B003262AE /* SearchListCell.swift in Sources */,
				EE57C056295180BE004312CE /* DisplaySplitViewModel.swift in Sources */,
				C0C17C812990EE1A00F24CF0 /* MyNoteDetailView.swift in Sources */,
				63EA4AD729875E00009392EE /* JPWordListView.swift in Sources */,
				63EA4AE229875E0A009392EE /* FRWordsTableView.swift in Sources */,
				63EA4AE92987B0B5009392EE /* EditVocabularyView.swift in Sources */,
				03F904EB295155B2003262AE /* SearchingWordModel.swift in Sources */,
				639B31EB298059CD00955DE4 /* WordListViewModel.swift in Sources */,
				63B095F5297670C200E6BB21 /* ImportCSVFileViewModel.swift in Sources */,
				165BA9792987861D0067F217 /* String+.swift in Sources */,
				63DC853A2950312E00461DEB /* GGomVoca.xcdatamodeld in Sources */,
				63EA4AC929875DF4009392EE /* ENAddNewWordView.swift in Sources */,
				63EA4ABB29875DE8009392EE /* KOAddNewWordView.swift in Sources */,
				63DC85352950312E00461DEB /* GGomVocaApp.swift in Sources */,
				EE57C05A29518348004312CE /* CoredataRepository.swift in Sources */,
				16FFDC59297A6D680082007C /* CSVFile.swift in Sources */,
				63EA4ACD29875DF4009392EE /* ENWordListViewModel.swift in Sources */,
				03F904E529514A6E003262AE /* WordSearchingView.swift in Sources */,
				63EA4ACA29875DF4009392EE /* ENWordCell.swift in Sources */,
				63EA4AD629875E00009392EE /* JPWordListViewModel.swift in Sources */,
				63DC853C2950312E00461DEB /* ContentView.swift in Sources */,
				EEE6EABF2992212700C0F653 /* CloudError.swift in Sources */,
				EAEF31632989F488009CE764 /* iPhoneWordTestView.swift in Sources */,
				EEE3018C2990B8FD00195720 /* WordListService.swift in Sources */,
				63EA4AE729875E0A009392EE /* FRWordListView.swift in Sources */,
				16E1ECC1298B9A0800BA4C9C /* ShakeEffect.swift in Sources */,
				EAEF3169298AB721009CE764 /* TestViewModel.swift in Sources */,
				EE57C0512951795E004312CE /* VocabularyCell.swift in Sources */,
				EEE6EABB299220EF00C0F653 /* RepositoryError.swift in Sources */,
				63EA4AD829875E00009392EE /* JPEditWordView.swift in Sources */,
				C08DB5EE298CD27600403F59 /* SpeechSynthesizer.swift in Sources */,
				63EA4ABE29875DE8009392EE /* KOWordCell.swift in Sources */,
				635CBD5A298A693A0071328E /* iPadWordTestView.swift in Sources */,
				EE759528298A3C0E00AB6E62 /* CoreDataRepositoryImpl.swift in Sources */,
				63B095F3297631F100E6BB21 /* View+.swift in Sources */,
				16F432402952A46C000D74B0 /* EditWordView.swift in Sources */,
				EE57C04F29517950004312CE /* AddVocabularyView.swift in Sources */,
				EA30AF9829778FE200C49CF3 /* WordListView.swift in Sources */,
				162EE05129509F4E0065E103 /* SegmentView.swift in Sources */,
				63EA4ACB29875DF4009392EE /* ENWordListView.swift in Sources */,
				63EA4AE529875E0A009392EE /* FRWordCell.swift in Sources */,
				63EA4ABC29875DE8009392EE /* KOWordListViewModel.swift in Sources */,
				EE75952B298A5B7800AB6E62 /* VocabularyService.swift in Sources */,
				63EA4ABF29875DE8009392EE /* KOWordListView.swift in Sources */,
				EAB4FFAD2977C8FD0070941A /* CellButtonView.swift in Sources */,
				63EA4AD929875E00009392EE /* JPWordsTableView.swift in Sources */,
				16C665C629936C2700B02C9E /* VLine.swift in Sources */,
				EE1E49FF2976709A00890CF7 /* UserManager.swift in Sources */,
				EEE6EABD2992210A00C0F653 /* CoreDataError.swift in Sources */,
				63DC85372950312E00461DEB /* Persistence.swift in Sources */,
				6398595A2992429200E51C69 /* UbiquitousStorage.swift in Sources */,
				63EA4ADA29875E00009392EE /* JPWordCell.swift in Sources */,
				EAB4FFA92977C8830070941A /* Modifiers.swift in Sources */,
				EA30AF9A2977908200C49CF3 /* WordsTableView.swift in Sources */,
				EAEF3167298A4205009CE764 /* WordTestResult.swift in Sources */,
				63B095F72976832C00E6BB21 /* DataFrame+.swift in Sources */,
				EEDCBFE0298B811A00A7B016 /* DependencyManager.swift in Sources */,
				EE57C05429517F81004312CE /* VocabularyModel.swift in Sources */,
				63EA4AC029875DE8009392EE /* KOWordsTableView.swift in Sources */,
				63EA4ABD29875DE8009392EE /* KOEditWordView.swift in Sources */,
				639B31ED29806E1700955DE4 /* AddNewWordView.swift in Sources */,
				EAEF31652989F84F009CE764 /* TestModeSelectView.swift in Sources */,
				EE75952D298A5BAC00AB6E62 /* VocabularyServiceImpl.swift in Sources */,
				EE759522298A3A0E00AB6E62 /* CloudKitRepositoryImpl.swift in Sources */,
				EEE301922990C08800195720 /* Word+CKRecord.swift in Sources */,
				63EA4AD529875E00009392EE /* JPAddNewWordView.swift in Sources */,
				EA30AF95297784AC00C49CF3 /* WordCell.swift in Sources */,
				16E1ECC3298C49E400BA4C9C /* FieldView.swift in Sources */,
				63EA4AE329875E0A009392EE /* FREditWordView.swift in Sources */,
				EE905661298CC4CE00E125C1 /* Vocabulary+CKRecord.swift in Sources */,
				EE759526298A3C0300AB6E62 /* CoreDataRepository.swift in Sources */,
				63EA4AE629875E0A009392EE /* FRAddNewWordView.swift in Sources */,
				63EA4AE429875E0A009392EE /* FRWordListViewModel.swift in Sources */,
				16E1ECC7298CE54A00BA4C9C /* Result.swift in Sources */,
				C08DB58F2989FCD700403F59 /* MyNoteView.swift in Sources */,
				6371E0462952058D003A1A08 /* ImportCSVFileView.swift in Sources */,
				EE57C04D2951791D004312CE /* DisplaySplitView.swift in Sources */,
				EEE3018E2990B90800195720 /* WordListServiceImpl.swift in Sources */,
				165BA97B29879A090067F217 /* EmptyWordListView.swift in Sources */,
				63EA4AC829875DF4009392EE /* ENEditWordView.swift in Sources */,
				EE57C05F2951885E004312CE /* TabbarView.swift in Sources */,
				16E1ECC5298CDCFC00BA4C9C /* Array+.swift in Sources */,
				EEE6EAB9299220D600C0F653 /* ErrorProtocol.swift in Sources */,
				EE759520298A38BC00AB6E62 /* CloudKitRepository.swift in Sources */,
				63EA4ACC29875DF4009392EE /* ENWordsTableView.swift in Sources */,
			);
			runOnlyForDeploymentPostprocessing = 0;
		};
/* End PBXSourcesBuildPhase section */

/* Begin XCBuildConfiguration section */
		63DC85432950312F00461DEB /* Debug */ = {
			isa = XCBuildConfiguration;
			buildSettings = {
				ALWAYS_SEARCH_USER_PATHS = NO;
				CLANG_ANALYZER_NONNULL = YES;
				CLANG_ANALYZER_NUMBER_OBJECT_CONVERSION = YES_AGGRESSIVE;
				CLANG_CXX_LANGUAGE_STANDARD = "gnu++20";
				CLANG_ENABLE_MODULES = YES;
				CLANG_ENABLE_OBJC_ARC = YES;
				CLANG_ENABLE_OBJC_WEAK = YES;
				CLANG_WARN_BLOCK_CAPTURE_AUTORELEASING = YES;
				CLANG_WARN_BOOL_CONVERSION = YES;
				CLANG_WARN_COMMA = YES;
				CLANG_WARN_CONSTANT_CONVERSION = YES;
				CLANG_WARN_DEPRECATED_OBJC_IMPLEMENTATIONS = YES;
				CLANG_WARN_DIRECT_OBJC_ISA_USAGE = YES_ERROR;
				CLANG_WARN_DOCUMENTATION_COMMENTS = YES;
				CLANG_WARN_EMPTY_BODY = YES;
				CLANG_WARN_ENUM_CONVERSION = YES;
				CLANG_WARN_INFINITE_RECURSION = YES;
				CLANG_WARN_INT_CONVERSION = YES;
				CLANG_WARN_NON_LITERAL_NULL_CONVERSION = YES;
				CLANG_WARN_OBJC_IMPLICIT_RETAIN_SELF = YES;
				CLANG_WARN_OBJC_LITERAL_CONVERSION = YES;
				CLANG_WARN_OBJC_ROOT_CLASS = YES_ERROR;
				CLANG_WARN_QUOTED_INCLUDE_IN_FRAMEWORK_HEADER = YES;
				CLANG_WARN_RANGE_LOOP_ANALYSIS = YES;
				CLANG_WARN_STRICT_PROTOTYPES = YES;
				CLANG_WARN_SUSPICIOUS_MOVE = YES;
				CLANG_WARN_UNGUARDED_AVAILABILITY = YES_AGGRESSIVE;
				CLANG_WARN_UNREACHABLE_CODE = YES;
				CLANG_WARN__DUPLICATE_METHOD_MATCH = YES;
				COPY_PHASE_STRIP = NO;
				DEBUG_INFORMATION_FORMAT = dwarf;
				ENABLE_STRICT_OBJC_MSGSEND = YES;
				ENABLE_TESTABILITY = YES;
				GCC_C_LANGUAGE_STANDARD = gnu11;
				GCC_DYNAMIC_NO_PIC = NO;
				GCC_NO_COMMON_BLOCKS = YES;
				GCC_OPTIMIZATION_LEVEL = 0;
				GCC_PREPROCESSOR_DEFINITIONS = (
					"DEBUG=1",
					"$(inherited)",
				);
				GCC_WARN_64_TO_32_BIT_CONVERSION = YES;
				GCC_WARN_ABOUT_RETURN_TYPE = YES_ERROR;
				GCC_WARN_UNDECLARED_SELECTOR = YES;
				GCC_WARN_UNINITIALIZED_AUTOS = YES_AGGRESSIVE;
				GCC_WARN_UNUSED_FUNCTION = YES;
				GCC_WARN_UNUSED_VARIABLE = YES;
				MTL_ENABLE_DEBUG_INFO = INCLUDE_SOURCE;
				MTL_FAST_MATH = YES;
				ONLY_ACTIVE_ARCH = YES;
				SWIFT_ACTIVE_COMPILATION_CONDITIONS = DEBUG;
				SWIFT_OPTIMIZATION_LEVEL = "-Onone";
			};
			name = Debug;
		};
		63DC85442950312F00461DEB /* Release */ = {
			isa = XCBuildConfiguration;
			buildSettings = {
				ALWAYS_SEARCH_USER_PATHS = NO;
				CLANG_ANALYZER_NONNULL = YES;
				CLANG_ANALYZER_NUMBER_OBJECT_CONVERSION = YES_AGGRESSIVE;
				CLANG_CXX_LANGUAGE_STANDARD = "gnu++20";
				CLANG_ENABLE_MODULES = YES;
				CLANG_ENABLE_OBJC_ARC = YES;
				CLANG_ENABLE_OBJC_WEAK = YES;
				CLANG_WARN_BLOCK_CAPTURE_AUTORELEASING = YES;
				CLANG_WARN_BOOL_CONVERSION = YES;
				CLANG_WARN_COMMA = YES;
				CLANG_WARN_CONSTANT_CONVERSION = YES;
				CLANG_WARN_DEPRECATED_OBJC_IMPLEMENTATIONS = YES;
				CLANG_WARN_DIRECT_OBJC_ISA_USAGE = YES_ERROR;
				CLANG_WARN_DOCUMENTATION_COMMENTS = YES;
				CLANG_WARN_EMPTY_BODY = YES;
				CLANG_WARN_ENUM_CONVERSION = YES;
				CLANG_WARN_INFINITE_RECURSION = YES;
				CLANG_WARN_INT_CONVERSION = YES;
				CLANG_WARN_NON_LITERAL_NULL_CONVERSION = YES;
				CLANG_WARN_OBJC_IMPLICIT_RETAIN_SELF = YES;
				CLANG_WARN_OBJC_LITERAL_CONVERSION = YES;
				CLANG_WARN_OBJC_ROOT_CLASS = YES_ERROR;
				CLANG_WARN_QUOTED_INCLUDE_IN_FRAMEWORK_HEADER = YES;
				CLANG_WARN_RANGE_LOOP_ANALYSIS = YES;
				CLANG_WARN_STRICT_PROTOTYPES = YES;
				CLANG_WARN_SUSPICIOUS_MOVE = YES;
				CLANG_WARN_UNGUARDED_AVAILABILITY = YES_AGGRESSIVE;
				CLANG_WARN_UNREACHABLE_CODE = YES;
				CLANG_WARN__DUPLICATE_METHOD_MATCH = YES;
				COPY_PHASE_STRIP = NO;
				DEBUG_INFORMATION_FORMAT = "dwarf-with-dsym";
				ENABLE_NS_ASSERTIONS = NO;
				ENABLE_STRICT_OBJC_MSGSEND = YES;
				GCC_C_LANGUAGE_STANDARD = gnu11;
				GCC_NO_COMMON_BLOCKS = YES;
				GCC_WARN_64_TO_32_BIT_CONVERSION = YES;
				GCC_WARN_ABOUT_RETURN_TYPE = YES_ERROR;
				GCC_WARN_UNDECLARED_SELECTOR = YES;
				GCC_WARN_UNINITIALIZED_AUTOS = YES_AGGRESSIVE;
				GCC_WARN_UNUSED_FUNCTION = YES;
				GCC_WARN_UNUSED_VARIABLE = YES;
				MTL_ENABLE_DEBUG_INFO = NO;
				MTL_FAST_MATH = YES;
				SWIFT_COMPILATION_MODE = wholemodule;
				SWIFT_OPTIMIZATION_LEVEL = "-O";
			};
			name = Release;
		};
		63DC85462950312F00461DEB /* Debug */ = {
			isa = XCBuildConfiguration;
			buildSettings = {
				ASSETCATALOG_COMPILER_APPICON_NAME = AppIcon;
				ASSETCATALOG_COMPILER_GLOBAL_ACCENT_COLOR_NAME = AccentColor;
				CODE_SIGN_ENTITLEMENTS = GGomVoca/GGomVoca.entitlements;
				CODE_SIGN_IDENTITY = "Apple Development";
				"CODE_SIGN_IDENTITY[sdk=iphoneos*]" = "iPhone Developer";
				CODE_SIGN_STYLE = Manual;
				CURRENT_PROJECT_VERSION = 1;
				DEVELOPMENT_ASSET_PATHS = "\"GGomVoca/Preview Content\"";
				DEVELOPMENT_TEAM = "";
				"DEVELOPMENT_TEAM[sdk=iphoneos*]" = Q57K6D2JP2;
				ENABLE_PREVIEWS = YES;
				GENERATE_INFOPLIST_FILE = YES;
				INFOPLIST_FILE = GGomVoca/Info.plist;
				"INFOPLIST_KEY_UIApplicationSceneManifest_Generation[sdk=iphoneos*]" = YES;
				"INFOPLIST_KEY_UIApplicationSceneManifest_Generation[sdk=iphonesimulator*]" = YES;
				"INFOPLIST_KEY_UIApplicationSupportsIndirectInputEvents[sdk=iphoneos*]" = YES;
				"INFOPLIST_KEY_UIApplicationSupportsIndirectInputEvents[sdk=iphonesimulator*]" = YES;
				"INFOPLIST_KEY_UILaunchScreen_Generation[sdk=iphoneos*]" = YES;
				"INFOPLIST_KEY_UILaunchScreen_Generation[sdk=iphonesimulator*]" = YES;
				INFOPLIST_KEY_UILaunchStoryboardName = "Launch Screen.storyboard";
				"INFOPLIST_KEY_UIStatusBarStyle[sdk=iphoneos*]" = UIStatusBarStyleDefault;
				"INFOPLIST_KEY_UIStatusBarStyle[sdk=iphonesimulator*]" = UIStatusBarStyleDefault;
				INFOPLIST_KEY_UISupportedInterfaceOrientations_iPad = "UIInterfaceOrientationPortrait UIInterfaceOrientationPortraitUpsideDown UIInterfaceOrientationLandscapeLeft UIInterfaceOrientationLandscapeRight";
				INFOPLIST_KEY_UISupportedInterfaceOrientations_iPhone = "UIInterfaceOrientationPortrait UIInterfaceOrientationLandscapeLeft UIInterfaceOrientationLandscapeRight";
				IPHONEOS_DEPLOYMENT_TARGET = 16.0;
				LD_RUNPATH_SEARCH_PATHS = "@executable_path/Frameworks";
				"LD_RUNPATH_SEARCH_PATHS[sdk=macosx*]" = "@executable_path/../Frameworks";
				MACOSX_DEPLOYMENT_TARGET = 13.1;
				MARKETING_VERSION = 0.0.1;
				PRODUCT_BUNDLE_IDENTIFIER = LikeLion.GGomVoca;
				PRODUCT_NAME = "$(TARGET_NAME)";
				PROVISIONING_PROFILE_SPECIFIER = "";
				"PROVISIONING_PROFILE_SPECIFIER[sdk=iphoneos*]" = GGomVoca_Development_Profile;
				SDKROOT = auto;
				SUPPORTED_PLATFORMS = "iphoneos iphonesimulator";
				SUPPORTS_MACCATALYST = NO;
				SUPPORTS_MAC_DESIGNED_FOR_IPHONE_IPAD = NO;
				SWIFT_EMIT_LOC_STRINGS = YES;
				SWIFT_VERSION = 5.0;
				TARGETED_DEVICE_FAMILY = "1,2";
			};
			name = Debug;
		};
		63DC85472950312F00461DEB /* Release */ = {
			isa = XCBuildConfiguration;
			buildSettings = {
				ASSETCATALOG_COMPILER_APPICON_NAME = AppIcon;
				ASSETCATALOG_COMPILER_GLOBAL_ACCENT_COLOR_NAME = AccentColor;
				CODE_SIGN_ENTITLEMENTS = GGomVoca/GGomVoca.entitlements;
				CODE_SIGN_IDENTITY = "Apple Development";
				"CODE_SIGN_IDENTITY[sdk=iphoneos*]" = "iPhone Developer";
				CODE_SIGN_STYLE = Manual;
				CURRENT_PROJECT_VERSION = 1;
				DEVELOPMENT_ASSET_PATHS = "\"GGomVoca/Preview Content\"";
				DEVELOPMENT_TEAM = "";
				"DEVELOPMENT_TEAM[sdk=iphoneos*]" = Q57K6D2JP2;
				ENABLE_PREVIEWS = YES;
				GENERATE_INFOPLIST_FILE = YES;
				INFOPLIST_FILE = GGomVoca/Info.plist;
				"INFOPLIST_KEY_UIApplicationSceneManifest_Generation[sdk=iphoneos*]" = YES;
				"INFOPLIST_KEY_UIApplicationSceneManifest_Generation[sdk=iphonesimulator*]" = YES;
				"INFOPLIST_KEY_UIApplicationSupportsIndirectInputEvents[sdk=iphoneos*]" = YES;
				"INFOPLIST_KEY_UIApplicationSupportsIndirectInputEvents[sdk=iphonesimulator*]" = YES;
				"INFOPLIST_KEY_UILaunchScreen_Generation[sdk=iphoneos*]" = YES;
				"INFOPLIST_KEY_UILaunchScreen_Generation[sdk=iphonesimulator*]" = YES;
				INFOPLIST_KEY_UILaunchStoryboardName = "Launch Screen.storyboard";
				"INFOPLIST_KEY_UIStatusBarStyle[sdk=iphoneos*]" = UIStatusBarStyleDefault;
				"INFOPLIST_KEY_UIStatusBarStyle[sdk=iphonesimulator*]" = UIStatusBarStyleDefault;
				INFOPLIST_KEY_UISupportedInterfaceOrientations_iPad = "UIInterfaceOrientationPortrait UIInterfaceOrientationPortraitUpsideDown UIInterfaceOrientationLandscapeLeft UIInterfaceOrientationLandscapeRight";
				INFOPLIST_KEY_UISupportedInterfaceOrientations_iPhone = "UIInterfaceOrientationPortrait UIInterfaceOrientationLandscapeLeft UIInterfaceOrientationLandscapeRight";
				IPHONEOS_DEPLOYMENT_TARGET = 16.0;
				LD_RUNPATH_SEARCH_PATHS = "@executable_path/Frameworks";
				"LD_RUNPATH_SEARCH_PATHS[sdk=macosx*]" = "@executable_path/../Frameworks";
				MACOSX_DEPLOYMENT_TARGET = 13.1;
				MARKETING_VERSION = 0.0.1;
				PRODUCT_BUNDLE_IDENTIFIER = LikeLion.GGomVoca;
				PRODUCT_NAME = "$(TARGET_NAME)";
				PROVISIONING_PROFILE_SPECIFIER = "";
				"PROVISIONING_PROFILE_SPECIFIER[sdk=iphoneos*]" = GGomVoca_Development_Profile;
				SDKROOT = auto;
				SUPPORTED_PLATFORMS = "iphoneos iphonesimulator";
				SUPPORTS_MACCATALYST = NO;
				SUPPORTS_MAC_DESIGNED_FOR_IPHONE_IPAD = NO;
				SWIFT_EMIT_LOC_STRINGS = YES;
				SWIFT_VERSION = 5.0;
				TARGETED_DEVICE_FAMILY = "1,2";
			};
			name = Release;
		};
/* End XCBuildConfiguration section */

/* Begin XCConfigurationList section */
		63DC852C2950312E00461DEB /* Build configuration list for PBXProject "GGomVoca" */ = {
			isa = XCConfigurationList;
			buildConfigurations = (
				63DC85432950312F00461DEB /* Debug */,
				63DC85442950312F00461DEB /* Release */,
			);
			defaultConfigurationIsVisible = 0;
			defaultConfigurationName = Release;
		};
		63DC85452950312F00461DEB /* Build configuration list for PBXNativeTarget "GGomVoca" */ = {
			isa = XCConfigurationList;
			buildConfigurations = (
				63DC85462950312F00461DEB /* Debug */,
				63DC85472950312F00461DEB /* Release */,
			);
			defaultConfigurationIsVisible = 0;
			defaultConfigurationName = Release;
		};
/* End XCConfigurationList section */

/* Begin XCRemoteSwiftPackageReference section */
		EEDCBFDB298B800A00A7B016 /* XCRemoteSwiftPackageReference "Swinject" */ = {
			isa = XCRemoteSwiftPackageReference;
			repositoryURL = "https://github.com/Swinject/Swinject.git";
			requirement = {
				kind = upToNextMajorVersion;
				minimumVersion = 2.8.3;
			};
		};
/* End XCRemoteSwiftPackageReference section */

/* Begin XCSwiftPackageProductDependency section */
		EEDCBFDC298B800A00A7B016 /* Swinject */ = {
			isa = XCSwiftPackageProductDependency;
			package = EEDCBFDB298B800A00A7B016 /* XCRemoteSwiftPackageReference "Swinject" */;
			productName = Swinject;
		};
/* End XCSwiftPackageProductDependency section */

/* Begin XCVersionGroup section */
		63DC85382950312E00461DEB /* GGomVoca.xcdatamodeld */ = {
			isa = XCVersionGroup;
			children = (
				63DC85392950312E00461DEB /* GGomVoca.xcdatamodel */,
			);
			currentVersion = 63DC85392950312E00461DEB /* GGomVoca.xcdatamodel */;
			path = GGomVoca.xcdatamodeld;
			sourceTree = "<group>";
			versionGroupType = wrapper.xcdatamodel;
		};
/* End XCVersionGroup section */
	};
	rootObject = 63DC85292950312E00461DEB /* Project object */;
}
